<?xml version="1.0" encoding="utf-8"?>
<Project ToolsVersion="4.0" xmlns="http://schemas.microsoft.com/developer/msbuild/2003">
  <ItemGroup>
    <Filter Include="common">
      <UniqueIdentifier>{0e8065a0-7275-48a2-a37d-83141458e3ca}</UniqueIdentifier>
    </Filter>
    <Filter Include="FX">
      <UniqueIdentifier>{c10aae1e-e55b-42bc-9f21-36292e9e93a5}</UniqueIdentifier>
    </Filter>
  </ItemGroup>
  <ItemGroup>
    <FxCompile Include="FX\InstancedBasic.fx">
      <Filter>FX</Filter>
    </FxCompile>
    <FxCompile Include="FX\LightHelper.fx">
      <Filter>FX</Filter>
    </FxCompile>
  </ItemGroup>
  <ItemGroup>
    <ClCompile Include="..\..\common\camera.cpp">
      <Filter>common</Filter>
    </ClCompile>
    <ClCompile Include="..\..\common\demoApp.cpp">
      <Filter>common</Filter>
    </ClCompile>
    <ClCompile Include="..\..\common\dxApp.cpp">
      <Filter>common</Filter>
    </ClCompile>
    <ClCompile Include="..\..\common\dxUtil.cpp">
      <Filter>common</Filter>
    </ClCompile>
    <ClCompile Include="..\..\common\geometryGenerator.cpp">
      <Filter>common</Filter>
    </ClCompile>
    <ClCompile Include="..\..\common\lightHelper.cpp">
      <Filter>common</Filter>
    </ClCompile>
    <ClCompile Include="..\..\common\mathHelper.cpp">
      <Filter>common</Filter>
    </ClCompile>
    <ClCompile Include="..\..\common\timer.cpp">
      <Filter>common</Filter>
    </ClCompile>
    <ClCompile Include="..\..\common\waves.cpp">
      <Filter>common</Filter>
    </ClCompile>
    <ClCompile Include="..\..\common\xnacollision.cpp">
      <Filter>common</Filter>
    </ClCompile>
    <ClCompile Include="..\..\common\topicApp.cpp">
      <Filter>common</Filter>
    </ClCompile>
    <ClCompile Include="effects.cpp" />
    <ClCompile Include="InstancingCullingApp.cpp" />
    <ClCompile Include="renderStates.cpp" />
    <ClCompile Include="vertex.cpp" />
  </ItemGroup>
  <ItemGroup>
    <ClInclude Include="..\..\common\camera.h">
      <Filter>common</Filter>
    </ClInclude>
    <ClInclude Include="..\..\common\comPtr.h">
      <Filter>common</Filter>
    </ClInclude>
    <ClInclude Include="..\..\common\config.h">
      <Filter>common</Filter>
    </ClInclude>
    <ClInclude Include="..\..\common\demoApp.h">
      <Filter>common</Filter>
    </ClInclude>
    <ClInclude Include="..\..\common\dxApp.h">
      <Filter>common</Filter>
    </ClInclude>
    <ClInclude Include="..\..\common\dxUtil.h">
      <Filter>common</Filter>
    </ClInclude>
    <ClInclude Include="..\..\common\geometryGenerator.h">
      <Filter>common</Filter>
    </ClInclude>
    <ClInclude Include="..\..\common\lightHelper.h">
      <Filter>common</Filter>
    </ClInclude>
    <ClInclude Include="..\..\common\mathHelper.h">
      <Filter>common</Filter>
    </ClInclude>
    <ClInclude Include="..\..\common\timer.h">
      <Filter>common</Filter>
    </ClInclude>
    <ClInclude Include="..\..\common\types.h">
      <Filter>common</Filter>
    </ClInclude>
    <ClInclude Include="..\..\common\waves.h">
      <Filter>common</Filter>
    </ClInclude>
    <ClInclude Include="..\..\common\xnacollision.h">
      <Filter>common</Filter>
    </ClInclude>
    <ClInclude Include="..\..\common\topicApp.h">
      <Filter>common</Filter>
    </ClInclude>
    <ClInclude Include="effects.h" />
    <ClInclude Include="renderStates.h" />
    <ClInclude Include="vertex.h" />
  </ItemGroup>
</Project>