<?xml version="1.0" encoding="utf-8"?>
<Project ToolsVersion="4.0" xmlns="http://schemas.microsoft.com/developer/msbuild/2003">
  <ItemGroup>
    <Filter Include="common">
      <UniqueIdentifier>{9eb60c0d-e980-4701-b3a5-ad4e4633d30e}</UniqueIdentifier>
    </Filter>
    <Filter Include="FX">
      <UniqueIdentifier>{c26335d9-b25a-46f3-95c7-6363ca43ea10}</UniqueIdentifier>
    </Filter>
  </ItemGroup>
  <ItemGroup>
    <ClInclude Include="..\..\common\comPtr.h">
      <Filter>common</Filter>
    </ClInclude>
    <ClInclude Include="..\..\common\config.h">
      <Filter>common</Filter>
    </ClInclude>
    <ClInclude Include="..\..\common\demoApp.h">
      <Filter>common</Filter>
    </ClInclude>
    <ClInclude Include="..\..\common\dxApp.h">
      <Filter>common</Filter>
    </ClInclude>
    <ClInclude Include="..\..\common\dxUtil.h">
      <Filter>common</Filter>
    </ClInclude>
    <ClInclude Include="..\..\common\geometryGenerator.h">
      <Filter>common</Filter>
    </ClInclude>
    <ClInclude Include="..\..\common\mathHelper.h">
      <Filter>common</Filter>
    </ClInclude>
    <ClInclude Include="..\..\common\timer.h">
      <Filter>common</Filter>
    </ClInclude>
    <ClInclude Include="..\..\common\types.h">
      <Filter>common</Filter>
    </ClInclude>
  </ItemGroup>
  <ItemGroup>
    <ClCompile Include="..\..\common\demoApp.cpp">
      <Filter>common</Filter>
    </ClCompile>
    <ClCompile Include="..\..\common\dxApp.cpp">
      <Filter>common</Filter>
    </ClCompile>
    <ClCompile Include="..\..\common\geometryGenerator.cpp">
      <Filter>common</Filter>
    </ClCompile>
    <ClCompile Include="..\..\common\mathHelper.cpp">
      <Filter>common</Filter>
    </ClCompile>
    <ClCompile Include="..\..\common\timer.cpp">
      <Filter>common</Filter>
    </ClCompile>
    <ClCompile Include="Shapes.cpp" />
  </ItemGroup>
  <ItemGroup>
    <FxCompile Include="FX\color.fx">
      <Filter>FX</Filter>
    </FxCompile>
  </ItemGroup>
</Project>