<?xml version="1.0" encoding="utf-8"?>
<Project ToolsVersion="4.0" xmlns="http://schemas.microsoft.com/developer/msbuild/2003">
  <ItemGroup>
    <Filter Include="common">
      <UniqueIdentifier>{002aa8ad-9ef1-4a8b-a201-21cf2cfc9212}</UniqueIdentifier>
    </Filter>
    <Filter Include="FX">
      <UniqueIdentifier>{22518e73-ab67-48ef-8a19-7d2dc0628d03}</UniqueIdentifier>
    </Filter>
  </ItemGroup>
  <ItemGroup>
    <ClInclude Include="..\..\common\comPtr.h">
      <Filter>common</Filter>
    </ClInclude>
    <ClInclude Include="..\..\common\config.h">
      <Filter>common</Filter>
    </ClInclude>
    <ClInclude Include="..\..\common\demoApp.h">
      <Filter>common</Filter>
    </ClInclude>
    <ClInclude Include="..\..\common\dxApp.h">
      <Filter>common</Filter>
    </ClInclude>
    <ClInclude Include="..\..\common\dxUtil.h">
      <Filter>common</Filter>
    </ClInclude>
    <ClInclude Include="..\..\common\geometryGenerator.h">
      <Filter>common</Filter>
    </ClInclude>
    <ClInclude Include="..\..\common\lightHelper.h">
      <Filter>common</Filter>
    </ClInclude>
    <ClInclude Include="..\..\common\mathHelper.h">
      <Filter>common</Filter>
    </ClInclude>
    <ClInclude Include="..\..\common\timer.h">
      <Filter>common</Filter>
    </ClInclude>
    <ClInclude Include="..\..\common\types.h">
      <Filter>common</Filter>
    </ClInclude>
    <ClInclude Include="..\..\common\waves.h">
      <Filter>common</Filter>
    </ClInclude>
    <ClInclude Include="effects.h" />
    <ClInclude Include="renderStates.h" />
    <ClInclude Include="vertex.h" />
  </ItemGroup>
  <ItemGroup>
    <ClCompile Include="..\..\common\demoApp.cpp">
      <Filter>common</Filter>
    </ClCompile>
    <ClCompile Include="..\..\common\dxApp.cpp">
      <Filter>common</Filter>
    </ClCompile>
    <ClCompile Include="..\..\common\geometryGenerator.cpp">
      <Filter>common</Filter>
    </ClCompile>
    <ClCompile Include="..\..\common\lightHelper.cpp">
      <Filter>common</Filter>
    </ClCompile>
    <ClCompile Include="..\..\common\mathHelper.cpp">
      <Filter>common</Filter>
    </ClCompile>
    <ClCompile Include="..\..\common\timer.cpp">
      <Filter>common</Filter>
    </ClCompile>
    <ClCompile Include="..\..\common\waves.cpp">
      <Filter>common</Filter>
    </ClCompile>
    <ClCompile Include="effects.cpp" />
    <ClCompile Include="renderStates.cpp" />
    <ClCompile Include="vertex.cpp" />
    <ClCompile Include="TreeBillboard.cpp" />
    <ClCompile Include="..\..\common\dxUtil.cpp">
      <Filter>common</Filter>
    </ClCompile>
  </ItemGroup>
  <ItemGroup>
    <FxCompile Include="FX\Basic.fx">
      <Filter>FX</Filter>
    </FxCompile>
    <FxCompile Include="FX\LightHelper.fx">
      <Filter>FX</Filter>
    </FxCompile>
    <FxCompile Include="FX\TreeSprite.fx">
      <Filter>FX</Filter>
    </FxCompile>
  </ItemGroup>
</Project>