<?xml version="1.0" encoding="utf-8"?>
<Project ToolsVersion="4.0" xmlns="http://schemas.microsoft.com/developer/msbuild/2003">
  <ItemGroup>
    <Filter Include="common">
      <UniqueIdentifier>{79e6df15-5609-4ac4-80f6-4b0091c6f4eb}</UniqueIdentifier>
    </Filter>
  </ItemGroup>
  <ItemGroup>
    <ClInclude Include="..\common\comPtr.h">
      <Filter>common</Filter>
    </ClInclude>
    <ClInclude Include="..\common\config.h">
      <Filter>common</Filter>
    </ClInclude>
    <ClInclude Include="..\common\dxApp.h">
      <Filter>common</Filter>
    </ClInclude>
    <ClInclude Include="..\common\dxUtil.h">
      <Filter>common</Filter>
    </ClInclude>
    <ClInclude Include="..\common\timer.h">
      <Filter>common</Filter>
    </ClInclude>
    <ClInclude Include="..\common\types.h">
      <Filter>common</Filter>
    </ClInclude>
    <ClInclude Include="..\common\mathHelper.h">
      <Filter>common</Filter>
    </ClInclude>
  </ItemGroup>
  <ItemGroup>
    <ClCompile Include="..\common\dxApp.cpp">
      <Filter>common</Filter>
    </ClCompile>
    <ClCompile Include="..\common\timer.cpp">
      <Filter>common</Filter>
    </ClCompile>
    <ClCompile Include="Box.cpp" />
    <ClCompile Include="..\common\mathHelper.cpp">
      <Filter>common</Filter>
    </ClCompile>
  </ItemGroup>
  <ItemGroup>
    <FxCompile Include="color.fx" />
  </ItemGroup>
</Project>