<?xml version="1.0" encoding="utf-8"?>
<Project ToolsVersion="4.0" xmlns="http://schemas.microsoft.com/developer/msbuild/2003">
  <ItemGroup>
    <Filter Include="common">
      <UniqueIdentifier>{0ce84fb2-d74e-4732-bf3b-ae61c0ffb432}</UniqueIdentifier>
    </Filter>
    <Filter Include="fx">
      <UniqueIdentifier>{1bb5335d-da9d-47dd-aabb-1233b79c32c3}</UniqueIdentifier>
    </Filter>
    <Filter Include="init">
      <UniqueIdentifier>{cec54f7b-1d7a-454d-b314-c4a5f0811ffd}</UniqueIdentifier>
    </Filter>
  </ItemGroup>
  <ItemGroup>
    <ClCompile Include="..\..\common\dxApp.cpp">
      <Filter>common</Filter>
    </ClCompile>
    <ClCompile Include="..\..\common\timer.cpp">
      <Filter>common</Filter>
    </ClCompile>
    <ClCompile Include="..\..\init\init.cpp">
      <Filter>init</Filter>
    </ClCompile>
  </ItemGroup>
  <ItemGroup>
    <ClInclude Include="..\..\common\dxApp.h">
      <Filter>common</Filter>
    </ClInclude>
    <ClInclude Include="..\..\common\dxUtil.h">
      <Filter>common</Filter>
    </ClInclude>
    <ClInclude Include="..\..\common\config.h">
      <Filter>common</Filter>
    </ClInclude>
    <ClInclude Include="..\..\common\timer.h">
      <Filter>common</Filter>
    </ClInclude>
    <ClInclude Include="..\..\common\types.h">
      <Filter>common</Filter>
    </ClInclude>
    <ClInclude Include="..\..\common\comPtr.h">
      <Filter>common</Filter>
    </ClInclude>
  </ItemGroup>
  <ItemGroup>
    <CustomBuild Include="shader.fx">
      <Filter>fx</Filter>
    </CustomBuild>
  </ItemGroup>
</Project>